# THIS IS AN AUTOGENERATED FILE. DO NOT EDIT THIS FILE DIRECTLY.
# yarn lockfile v1


"@babel/code-frame@^7.0.0":
  version "7.0.0"
  resolved "https://registry.yarnpkg.com/@babel/code-frame/-/code-frame-7.0.0.tgz#06e2ab19bdb535385559aabb5ba59729482800f8"
  integrity sha512-OfC2uemaknXr87bdLUkWog7nYuliM9Ij5HUcajsVcMCpQrcLmtxRbVFTIqmcSkSeYRBFBRxs2FiUqFJDLdiebA==
  dependencies:
    "@babel/highlight" "^7.0.0"

"@babel/core@^7.5.0":
  version "7.5.0"
  resolved "https://registry.yarnpkg.com/@babel/core/-/core-7.5.0.tgz#6ed6a2881ad48a732c5433096d96d1b0ee5eb734"
  integrity sha512-6Isr4X98pwXqHvtigw71CKgmhL1etZjPs5A67jL/w0TkLM9eqmFR40YrnJvEc1WnMZFsskjsmid8bHZyxKEAnw==
  dependencies:
    "@babel/code-frame" "^7.0.0"
    "@babel/generator" "^7.5.0"
    "@babel/helpers" "^7.5.0"
    "@babel/parser" "^7.5.0"
    "@babel/template" "^7.4.4"
    "@babel/traverse" "^7.5.0"
    "@babel/types" "^7.5.0"
    convert-source-map "^1.1.0"
    debug "^4.1.0"
    json5 "^2.1.0"
    lodash "^4.17.11"
    resolve "^1.3.2"
    semver "^5.4.1"
    source-map "^0.5.0"

"@babel/generator@^7.5.0":
  version "7.5.0"
  resolved "https://registry.yarnpkg.com/@babel/generator/-/generator-7.5.0.tgz#f20e4b7a91750ee8b63656073d843d2a736dca4a"
  integrity sha512-1TTVrt7J9rcG5PMjvO7VEG3FrEoEJNHxumRq66GemPmzboLWtIjjcJgk8rokuAS7IiRSpgVSu5Vb9lc99iJkOA==
  dependencies:
    "@babel/types" "^7.5.0"
    jsesc "^2.5.1"
    lodash "^4.17.11"
    source-map "^0.5.0"
    trim-right "^1.0.1"

"@babel/helper-builder-react-jsx@^7.3.0":
  version "7.3.0"
  resolved "https://registry.yarnpkg.com/@babel/helper-builder-react-jsx/-/helper-builder-react-jsx-7.3.0.tgz#a1ac95a5d2b3e88ae5e54846bf462eeb81b318a4"
  integrity sha512-MjA9KgwCuPEkQd9ncSXvSyJ5y+j2sICHyrI0M3L+6fnS4wMSNDc1ARXsbTfbb2cXHn17VisSnU/sHFTCxVxSMw==
  dependencies:
    "@babel/types" "^7.3.0"
    esutils "^2.0.0"

"@babel/helper-function-name@^7.1.0":
  version "7.1.0"
  resolved "https://registry.yarnpkg.com/@babel/helper-function-name/-/helper-function-name-7.1.0.tgz#a0ceb01685f73355d4360c1247f582bfafc8ff53"
  integrity sha512-A95XEoCpb3TO+KZzJ4S/5uW5fNe26DjBGqf1o9ucyLyCmi1dXq/B3c8iaWTfBk3VvetUxl16e8tIrd5teOCfGw==
  dependencies:
    "@babel/helper-get-function-arity" "^7.0.0"
    "@babel/template" "^7.1.0"
    "@babel/types" "^7.0.0"

"@babel/helper-get-function-arity@^7.0.0":
  version "7.0.0"
  resolved "https://registry.yarnpkg.com/@babel/helper-get-function-arity/-/helper-get-function-arity-7.0.0.tgz#83572d4320e2a4657263734113c42868b64e49c3"
  integrity sha512-r2DbJeg4svYvt3HOS74U4eWKsUAMRH01Z1ds1zx8KNTPtpTL5JAsdFv8BNyOpVqdFhHkkRDIg5B4AsxmkjAlmQ==
  dependencies:
    "@babel/types" "^7.0.0"

"@babel/helper-plugin-utils@^7.0.0":
  version "7.0.0"
  resolved "https://registry.yarnpkg.com/@babel/helper-plugin-utils/-/helper-plugin-utils-7.0.0.tgz#bbb3fbee98661c569034237cc03967ba99b4f250"
  integrity sha512-CYAOUCARwExnEixLdB6sDm2dIJ/YgEAKDM1MOeMeZu9Ld/bDgVo8aiWrXwcY7OBh+1Ea2uUcVRcxKk0GJvW7QA==

"@babel/helper-split-export-declaration@^7.4.4":
  version "7.4.4"
  resolved "https://registry.yarnpkg.com/@babel/helper-split-export-declaration/-/helper-split-export-declaration-7.4.4.tgz#ff94894a340be78f53f06af038b205c49d993677"
  integrity sha512-Ro/XkzLf3JFITkW6b+hNxzZ1n5OQ80NvIUdmHspih1XAhtN3vPTuUFT4eQnela+2MaZ5ulH+iyP513KJrxbN7Q==
  dependencies:
    "@babel/types" "^7.4.4"

"@babel/helpers@^7.5.0":
  version "7.5.2"
  resolved "https://registry.yarnpkg.com/@babel/helpers/-/helpers-7.5.2.tgz#97424dc82fc0041f4c751119b4d2b1ec68cdb5ba"
  integrity sha512-NDkkTqDvgFUeo8djXBOiwO/mFjownznOWvmP9hvNdfiFUmx0nwNOqxuaTTbxjH744eQsD9M5ubC7gdANBvIWPw==
  dependencies:
    "@babel/template" "^7.4.4"
    "@babel/traverse" "^7.5.0"
    "@babel/types" "^7.5.0"

"@babel/highlight@^7.0.0":
  version "7.5.0"
  resolved "https://registry.yarnpkg.com/@babel/highlight/-/highlight-7.5.0.tgz#56d11312bd9248fa619591d02472be6e8cb32540"
  integrity sha512-7dV4eu9gBxoM0dAnj/BCFDW9LFU0zvTrkq0ugM7pnHEgguOEeOz1so2ZghEdzviYzQEED0r4EAgpsBChKy1TRQ==
  dependencies:
    chalk "^2.0.0"
    esutils "^2.0.2"
    js-tokens "^4.0.0"

"@babel/parser@^7.4.4", "@babel/parser@^7.5.0":
  version "7.5.0"
  resolved "https://registry.yarnpkg.com/@babel/parser/-/parser-7.5.0.tgz#3e0713dff89ad6ae37faec3b29dcfc5c979770b7"
  integrity sha512-I5nW8AhGpOXGCCNYGc+p7ExQIBxRFnS2fd/d862bNOKvmoEPjYPcfIjsfdy0ujagYOIYPczKgD9l3FsgTkAzKA==

"@babel/plugin-syntax-jsx@^7.2.0":
  version "7.2.0"
  resolved "https://registry.yarnpkg.com/@babel/plugin-syntax-jsx/-/plugin-syntax-jsx-7.2.0.tgz#0b85a3b4bc7cdf4cc4b8bf236335b907ca22e7c7"
  integrity sha512-VyN4QANJkRW6lDBmENzRszvZf3/4AXaj9YR7GwrWeeN9tEBPuXbmDYVU9bYBN0D70zCWVwUy0HWq2553VCb6Hw==
  dependencies:
    "@babel/helper-plugin-utils" "^7.0.0"

"@babel/plugin-transform-react-jsx@^7.3.0":
  version "7.3.0"
  resolved "https://registry.yarnpkg.com/@babel/plugin-transform-react-jsx/-/plugin-transform-react-jsx-7.3.0.tgz#f2cab99026631c767e2745a5368b331cfe8f5290"
  integrity sha512-a/+aRb7R06WcKvQLOu4/TpjKOdvVEKRLWFpKcNuHhiREPgGRB4TQJxq07+EZLS8LFVYpfq1a5lDUnuMdcCpBKg==
  dependencies:
    "@babel/helper-builder-react-jsx" "^7.3.0"
    "@babel/helper-plugin-utils" "^7.0.0"
    "@babel/plugin-syntax-jsx" "^7.2.0"

"@babel/template@^7.1.0", "@babel/template@^7.4.4":
  version "7.4.4"
  resolved "https://registry.yarnpkg.com/@babel/template/-/template-7.4.4.tgz#f4b88d1225689a08f5bc3a17483545be9e4ed237"
  integrity sha512-CiGzLN9KgAvgZsnivND7rkA+AeJ9JB0ciPOD4U59GKbQP2iQl+olF1l76kJOupqidozfZ32ghwBEJDhnk9MEcw==
  dependencies:
    "@babel/code-frame" "^7.0.0"
    "@babel/parser" "^7.4.4"
    "@babel/types" "^7.4.4"

"@babel/traverse@^7.5.0":
  version "7.5.0"
  resolved "https://registry.yarnpkg.com/@babel/traverse/-/traverse-7.5.0.tgz#4216d6586854ef5c3c4592dab56ec7eb78485485"
  integrity sha512-SnA9aLbyOCcnnbQEGwdfBggnc142h/rbqqsXcaATj2hZcegCl903pUD/lfpsNBlBSuWow/YDfRyJuWi2EPR5cg==
  dependencies:
    "@babel/code-frame" "^7.0.0"
    "@babel/generator" "^7.5.0"
    "@babel/helper-function-name" "^7.1.0"
    "@babel/helper-split-export-declaration" "^7.4.4"
    "@babel/parser" "^7.5.0"
    "@babel/types" "^7.5.0"
    debug "^4.1.0"
    globals "^11.1.0"
    lodash "^4.17.11"

"@babel/types@^7.0.0", "@babel/types@^7.3.0", "@babel/types@^7.4.4", "@babel/types@^7.5.0":
  version "7.5.0"
  resolved "https://registry.yarnpkg.com/@babel/types/-/types-7.5.0.tgz#e47d43840c2e7f9105bc4d3a2c371b4d0c7832ab"
  integrity sha512-UFpDVqRABKsW01bvw7/wSUe56uy6RXM5+VJibVVAybDGxEW25jdwiFJEf7ASvSaC7sN7rbE/l3cLp2izav+CtQ==
  dependencies:
    esutils "^2.0.2"
    lodash "^4.17.11"
    to-fast-properties "^2.0.0"

ansi-styles@^3.2.1:
  version "3.2.1"
  resolved "https://registry.yarnpkg.com/ansi-styles/-/ansi-styles-3.2.1.tgz#41fbb20243e50b12be0f04b8dedbf07520ce841d"
  integrity sha512-VT0ZI6kZRdTh8YyJw3SMbYm/u+NqfsAxEpWO0Pf9sq8/e94WxxOpPKx9FR1FlyCtOVDNOQ+8ntlqFxiRc+r5qA==
  dependencies:
    color-convert "^1.9.0"

chalk@^2.0.0:
  version "2.4.2"
  resolved "https://registry.yarnpkg.com/chalk/-/chalk-2.4.2.tgz#cd42541677a54333cf541a49108c1432b44c9424"
  integrity sha512-Mti+f9lpJNcwF4tWV8/OrTTtF1gZi+f8FqlyAdouralcFWFQWF2+NgCHShjkCb+IFBLq9buZwE1xckQU4peSuQ==
  dependencies:
    ansi-styles "^3.2.1"
    escape-string-regexp "^1.0.5"
    supports-color "^5.3.0"

color-convert@^1.9.0:
  version "1.9.3"
  resolved "https://registry.yarnpkg.com/color-convert/-/color-convert-1.9.3.tgz#bb71850690e1f136567de629d2d5471deda4c1e8"
  integrity sha512-QfAUtd+vFdAtFQcC8CCyYt1fYWxSqAiK2cSD6zDB8N3cpsEBAvRxp9zOGg6G/SHHJYAT88/az/IuDGALsNVbGg==
  dependencies:
    color-name "1.1.3"

color-name@1.1.3:
  version "1.1.3"
  resolved "https://registry.yarnpkg.com/color-name/-/color-name-1.1.3.tgz#a7d0558bd89c42f795dd42328f740831ca53bc25"
  integrity sha1-p9BVi9icQveV3UIyj3QIMcpTvCU=

convert-source-map@^1.1.0:
  version "1.6.0"
  resolved "https://registry.yarnpkg.com/convert-source-map/-/convert-source-map-1.6.0.tgz#51b537a8c43e0f04dec1993bffcdd504e758ac20"
  integrity sha512-eFu7XigvxdZ1ETfbgPBohgyQ/Z++C0eEhTor0qRwBw9unw+L0/6V8wkSuGgzdThkiS5lSpdptOQPD8Ak40a+7A==
  dependencies:
    safe-buffer "~5.1.1"

dayjs@^1.8.15:
  version "1.8.15"
  resolved "https://registry.yarnpkg.com/dayjs/-/dayjs-1.8.15.tgz#7121bc04e6a7f2621ed6db566be4a8aaf8c3913e"
  integrity sha512-HYHCI1nohG52B45vCQg8Re3hNDZbMroWPkhz50yaX7Lu0ATyjGsTdoYZBpjED9ar6chqTx2dmSmM8A51mojnAg==

debug@^4.1.0:
  version "4.1.1"
  resolved "https://registry.yarnpkg.com/debug/-/debug-4.1.1.tgz#3b72260255109c6b589cee050f1d516139664791"
  integrity sha512-pYAIzeRo8J6KPEaJ0VWOh5Pzkbw/RetuzehGM7QRRX5he4fPHx2rdKMB256ehJCkX+XRQm16eZLqLNS8RSZXZw==
  dependencies:
    ms "^2.1.1"

escape-string-regexp@^1.0.5:
  version "1.0.5"
  resolved "https://registry.yarnpkg.com/escape-string-regexp/-/escape-string-regexp-1.0.5.tgz#1b61c0562190a8dff6ae3bb2cf0200ca130b86d4"
  integrity sha1-G2HAViGQqN/2rjuyzwIAyhMLhtQ=

esutils@^2.0.0, esutils@^2.0.2:
  version "2.0.2"
  resolved "https://registry.yarnpkg.com/esutils/-/esutils-2.0.2.tgz#0abf4f1caa5bcb1f7a9d8acc6dea4faaa04bac9b"
  integrity sha1-Cr9PHKpbyx96nYrMbepPqqBLrJs=

globals@^11.1.0:
  version "11.12.0"
  resolved "https://registry.yarnpkg.com/globals/-/globals-11.12.0.tgz#ab8795338868a0babd8525758018c2a7eb95c42e"
  integrity sha512-WOBp/EEGUiIsJSp7wcv/y6MO+lV9UoncWqxuFfm8eBwzWNgyfBd6Gz+IeKQ9jCmyhoH99g15M3T+QaVHFjizVA==

has-flag@^3.0.0:
  version "3.0.0"
  resolved "https://registry.yarnpkg.com/has-flag/-/has-flag-3.0.0.tgz#b5d454dc2199ae225699f3467e5a07f3b955bafd"
  integrity sha1-tdRU3CGZriJWmfNGfloH87lVuv0=

internal-nav-helper@^3.1.0:
  version "3.1.0"
  resolved "https://registry.yarnpkg.com/internal-nav-helper/-/internal-nav-helper-3.1.0.tgz#32b7085d0bd9c6ba6b61b84f6ba28c7755f9d176"
  integrity sha512-05fxcHzJqH2ObzfykSSO/WREvMQJtK+O1jhVKcPev0ovlMnJ5vNv0I0EudJx/iQK93/96hFfjjU2tvNQ1h580g==

"js-tokens@^3.0.0 || ^4.0.0", js-tokens@^4.0.0:
  version "4.0.0"
  resolved "https://registry.yarnpkg.com/js-tokens/-/js-tokens-4.0.0.tgz#19203fb59991df98e3a287050d4647cdeaf32499"
  integrity sha512-RdJUflcE3cUzKiMqQgsCu06FPu9UdIJO0beYbPhHN4k6apgJtifcoCtT9bcxOpYBtpD2kCM6Sbzg4CausW/PKQ==

jsesc@^2.5.1:
  version "2.5.2"
  resolved "https://registry.yarnpkg.com/jsesc/-/jsesc-2.5.2.tgz#80564d2e483dacf6e8ef209650a67df3f0c283a4"
  integrity sha512-OYu7XEzjkCQ3C5Ps3QIZsQfNpqoJyZZA99wd9aWd05NCtC5pWOkShK2mkL6HXQR6/Cy2lbNdPlZBpuQHXE63gA==

json5@^2.1.0:
  version "2.1.0"
  resolved "https://registry.yarnpkg.com/json5/-/json5-2.1.0.tgz#e7a0c62c48285c628d20a10b85c89bb807c32850"
  integrity sha512-8Mh9h6xViijj36g7Dxi+Y4S6hNGV96vcJZr/SrlHh1LR/pEn/8j/+qIBbs44YKl69Lrfctp4QD+AdWLTMqEZAQ==
  dependencies:
    minimist "^1.2.0"

lodash@^4.17.11, lodash@^4.17.13:
  version "4.17.13"
  resolved "https://registry.yarnpkg.com/lodash/-/lodash-4.17.13.tgz#0bdc3a6adc873d2f4e0c4bac285df91b64fc7b93"
  integrity sha512-vm3/XWXfWtRua0FkUyEHBZy8kCPjErNBT9fJx8Zvs+U6zjqPbTUOpkaoum3O5uiA8sm+yNMHXfYkTUHFoMxFNA==

loose-envify@^1.1.0, loose-envify@^1.4.0:
  version "1.4.0"
  resolved "https://registry.yarnpkg.com/loose-envify/-/loose-envify-1.4.0.tgz#71ee51fa7be4caec1a63839f7e682d8132d30caf"
  integrity sha512-lyuxPGr/Wfhrlem2CL/UcnUc1zcqKAImBDzukY7Y5F/yQiNdko6+fRLevlw1HgMySw7f611UIY408EtxRSoK3Q==
  dependencies:
    js-tokens "^3.0.0 || ^4.0.0"

minimist@^1.2.0:
  version "1.2.0"
  resolved "https://registry.yarnpkg.com/minimist/-/minimist-1.2.0.tgz#a35008b20f41383eec1fb914f4cd5df79a264284"
  integrity sha1-o1AIsg9BOD7sH7kU9M1d95omQoQ=

ms@^2.1.1:
  version "2.1.2"
  resolved "https://registry.yarnpkg.com/ms/-/ms-2.1.2.tgz#d09d1f357b443f493382a8eb3ccd183872ae6009"
  integrity sha512-sGkPx+VjMtmA6MX27oA4FBFELFCZZ4S4XqeGOXCv68tT+jb3vk/RyaKWP0PTKyWtmLSM0b+adUTEvbs1PEaH2w==

object-assign@^4.1.1:
  version "4.1.1"
  resolved "https://registry.yarnpkg.com/object-assign/-/object-assign-4.1.1.tgz#2109adc7965887cfc05cbbd442cac8bfbb360863"
  integrity sha1-IQmtx5ZYh8/AXLvUQsrIv7s2CGM=

path-parse@^1.0.6:
  version "1.0.6"
  resolved "https://registry.yarnpkg.com/path-parse/-/path-parse-1.0.6.tgz#d62dbb5679405d72c4737ec58600e9ddcf06d24c"
  integrity sha512-GSmOT2EbHrINBf9SR7CDELwlJ8AENk3Qn7OikK4nFYAu3Ote2+JYNVvkpAEQm3/TLNEJFD/xZJjzyxg3KBWOzw==

prop-types@^15.6.2:
  version "15.7.2"
  resolved "https://registry.yarnpkg.com/prop-types/-/prop-types-15.7.2.tgz#52c41e75b8c87e72b9d9360e0206b99dcbffa6c5"
  integrity sha512-8QQikdH7//R2vurIJSutZ1smHYTcLpRWEOlHnzcWHmBYrOGUysKwSsrC89BCiFj3CbrfJ/nXFdJepOVrY1GCHQ==
  dependencies:
    loose-envify "^1.4.0"
    object-assign "^4.1.1"
    react-is "^16.8.1"

react-dom@^16.8.6:
  version "16.8.6"
  resolved "https://registry.yarnpkg.com/react-dom/-/react-dom-16.8.6.tgz#71d6303f631e8b0097f56165ef608f051ff6e10f"
  integrity sha512-1nL7PIq9LTL3fthPqwkvr2zY7phIPjYrT0jp4HjyEQrEROnw4dG41VVwi/wfoCneoleqrNX7iAD+pXebJZwrwA==
  dependencies:
    loose-envify "^1.1.0"
    object-assign "^4.1.1"
    prop-types "^15.6.2"
    scheduler "^0.13.6"

react-is@^16.8.1:
  version "16.8.6"
  resolved "https://registry.yarnpkg.com/react-is/-/react-is-16.8.6.tgz#5bbc1e2d29141c9fbdfed456343fe2bc430a6a16"
  integrity sha512-aUk3bHfZ2bRSVFFbbeVS4i+lNPZr3/WM5jT2J5omUVV1zzcs1nAaf3l51ctA5FFvCRbhrH0bdAsRRQddFJZPtA==

react@^16.8.6:
  version "16.8.6"
  resolved "https://registry.yarnpkg.com/react/-/react-16.8.6.tgz#ad6c3a9614fd3a4e9ef51117f54d888da01f2bbe"
  integrity sha512-pC0uMkhLaHm11ZSJULfOBqV4tIZkx87ZLvbbQYunNixAAvjnC+snJCg0XQXn9VIsttVsbZP/H/ewzgsd5fxKXw==
  dependencies:
    loose-envify "^1.1.0"
    object-assign "^4.1.1"
    prop-types "^15.6.2"
    scheduler "^0.13.6"

redux-bundler-react@^1.1.1:
  version "1.1.1"
  resolved "https://registry.yarnpkg.com/redux-bundler-react/-/redux-bundler-react-1.1.1.tgz#2a4b085212cc9673f37beb52b1877d053d47cbfa"
  integrity sha512-hy2LmIsoDCBaEicZrahss8Nifp0Tpt0F/zHNc7Trd0Hz2tVF95L0kPUaDvWMMLUriQ9zF7U23wnMlgbk1bTmdg==

redux-bundler@^25.0.0:
  version "25.0.0"
  resolved "https://registry.yarnpkg.com/redux-bundler/-/redux-bundler-25.0.0.tgz#138b700353be2349e50c90ca847bb3bd2af0c3de"
  integrity sha512-2tWnM9WOUUARE1H/S7DY0CjLLYZaxagWFHdrx3cKBS88JHxTbjIy7gyM0nodoaQvy7aS+XAM1w93GFhXdJnaPA==

resolve@^1.3.2:
  version "1.11.1"
  resolved "https://registry.yarnpkg.com/resolve/-/resolve-1.11.1.tgz#ea10d8110376982fef578df8fc30b9ac30a07a3e"
  integrity sha512-vIpgF6wfuJOZI7KKKSP+HmiKggadPQAdsp5HiC1mvqnfp0gF1vdwgBWZIdrVft9pgqoMFQN+R7BSWZiBxx+BBw==
  dependencies:
    path-parse "^1.0.6"

safe-buffer@~5.1.1:
  version "5.1.2"
  resolved "https://registry.yarnpkg.com/safe-buffer/-/safe-buffer-5.1.2.tgz#991ec69d296e0313747d59bdfd2b745c35f8828d"
  integrity sha512-Gd2UZBJDkXlY7GbJxfsE8/nvKkUEU1G38c1siN6QP6a9PT9MmHB8GnpscSmMJSoF8LOIrt8ud/wPtojys4G6+g==

scheduler@^0.13.6:
  version "0.13.6"
  resolved "https://registry.yarnpkg.com/scheduler/-/scheduler-0.13.6.tgz#466a4ec332467b31a91b9bf74e5347072e4cd889"
  integrity sha512-IWnObHt413ucAYKsD9J1QShUKkbKLQQHdxRyw73sw4FN26iWr3DY/H34xGPe4nmL1DwXyWmSWmMrA9TfQbE/XQ==
  dependencies:
    loose-envify "^1.1.0"
    object-assign "^4.1.1"

semver@^5.4.1:
  version "5.7.0"
  resolved "https://registry.yarnpkg.com/semver/-/semver-5.7.0.tgz#790a7cf6fea5459bac96110b29b60412dc8ff96b"
  integrity sha512-Ya52jSX2u7QKghxeoFGpLwCtGlt7j0oY9DYb5apt9nPlJ42ID+ulTXESnt/qAQcoSERyZ5sl3LDIOw0nAn/5DA==

source-map@^0.5.0:
  version "0.5.7"
  resolved "https://registry.yarnpkg.com/source-map/-/source-map-0.5.7.tgz#8a039d2d1021d22d1ea14c80d8ea468ba2ef3fcc"
  integrity sha1-igOdLRAh0i0eoUyA2OpGi6LvP8w=

supports-color@^5.3.0:
  version "5.5.0"
  resolved "https://registry.yarnpkg.com/supports-color/-/supports-color-5.5.0.tgz#e2e69a44ac8772f78a1ec0b35b689df6530efc8f"
  integrity sha512-QjVjwdXIt408MIiAqCX4oUKsgU2EqAGzs2Ppkm4aQYbjm+ZEWEcW4SfFNTr4uMNZma0ey4f5lgLrkB0aX0QMow==
  dependencies:
    has-flag "^3.0.0"

to-fast-properties@^2.0.0:
  version "2.0.0"
  resolved "https://registry.yarnpkg.com/to-fast-properties/-/to-fast-properties-2.0.0.tgz#dc5e698cbd079265bc73e0377681a4e4e83f616e"
  integrity sha1-3F5pjL0HkmW8c+A3doGk5Og/YW4=

trim-right@^1.0.1:
  version "1.0.1"
  resolved "https://registry.yarnpkg.com/trim-right/-/trim-right-1.0.1.tgz#cb2e1203067e0c8de1f614094b9fe45704ea6003"
  integrity sha1-yy4SAwZ+DI3h9hQJS5/kVwTqYAM=
